
Microsoft Visual Studio Solution File, Format Version 12.00
# Visual Studio Version 17
VisualStudioVersion = 17.8.34112.27
MinimumVisualStudioVersion = 10.0.40219.1
Project("{2150E333-8FDC-42A3-9474-1A3956D46DE8}") = "FrontEnd", "FrontEnd", "{47376CB1-7B43-4376-A6A6-2861C8EBC4EB}"
EndProject
Project("{2150E333-8FDC-42A3-9474-1A3956D46DE8}") = "Gateway", "Gateway", "{F3464E32-7E80-4255-8F93-2DACF3A3A577}"
EndProject
Project("{2150E333-8FDC-42A3-9474-1A3956D46DE8}") = "Integration", "Integration", "{E034F5D3-710D-49D3-B5F9-346E50FF90C4}"
EndProject
Project("{2150E333-8FDC-42A3-9474-1A3956D46DE8}") = "Services", "Services", "{F2B77758-2A7B-4B98-B503-5D8CC72E76D9}"
EndProject
Project("{9A19103F-16F7-4668-BE54-9A1E7A4F7556}") = "Restaurant.Services.CouponAPI", "Restaurant.Services.CouponAPI\Restaurant.Services.CouponAPI.csproj", "{36CB9B2E-68C2-4A1F-97F4-FA6F559C2544}"
EndProject
Project("{9A19103F-16F7-4668-BE54-9A1E7A4F7556}") = "Restaurant.Web", "Restaurant.Web\Restaurant.Web.csproj", "{170EE6FC-5748-4BAB-B941-A52AA6B96AC0}"
EndProject
Project("{9A19103F-16F7-4668-BE54-9A1E7A4F7556}") = "Restaurant.Services.AuthAPI", "Restaurant.Services.AuthAPI\Restaurant.Services.AuthAPI.csproj", "{667F0432-B328-4729-83AC-F861486D226C}"
EndProject
Project("{9A19103F-16F7-4668-BE54-9A1E7A4F7556}") = "Restaurant.Services.ProductAPI", "Restaurant.Services.ProductAPI\Restaurant.Services.ProductAPI.csproj", "{30FF2290-F4BE-40B0-AA92-41A43D52BC9E}"
EndProject
Project("{9A19103F-16F7-4668-BE54-9A1E7A4F7556}") = "Restaurant.Services.ShoppingCartAPI", "Restaurant.Services.ShoppingCartAPI\Restaurant.Services.ShoppingCartAPI.csproj", "{93EB7E45-4B15-4E0D-81B8-463E368CEF7A}"
EndProject
Project("{9A19103F-16F7-4668-BE54-9A1E7A4F7556}") = "Restaurant.MessageBus", "Restaurant.MessageBus\Restaurant.MessageBus.csproj", "{9290E1A4-D429-45DB-89F3-85C3A4F65D02}"
EndProject
Project("{9A19103F-16F7-4668-BE54-9A1E7A4F7556}") = "Restaurant.Services.EmailAPI", "Restaurant.Services.EmailAPI\Restaurant.Services.EmailAPI.csproj", "{7F8FC672-5DEE-426C-BE84-78E193C8D1E3}"
EndProject
Project("{9A19103F-16F7-4668-BE54-9A1E7A4F7556}") = "Restaurant.Services.OrderAPI", "Restaurant.Services.OrderAPI\Restaurant.Services.OrderAPI.csproj", "{ACA1EF2F-4509-4CC5-AA33-0388D0FF3798}"
EndProject
Project("{9A19103F-16F7-4668-BE54-9A1E7A4F7556}") = "Restaurant.Services.RewardsAPI", "Restaurant.Services.RewardsAPI\Restaurant.Services.RewardsAPI.csproj", "{E233D2ED-2743-47F2-A06B-0752126879A8}"
EndProject
Project("{FAE04EC0-301F-11D3-BF4B-00C04F79EFBC}") = "Restaurant.GatewaySolutions", "Restaurant.GatewaySolutions\Restaurant.GatewaySolutions.csproj", "{096F0F05-31D5-4813-B1DA-191D6910CF3F}"
EndProject
Global
	GlobalSection(SolutionConfigurationPlatforms) = preSolution
		Debug|Any CPU = Debug|Any CPU
		Release|Any CPU = Release|Any CPU
	EndGlobalSection
	GlobalSection(ProjectConfigurationPlatforms) = postSolution
		{36CB9B2E-68C2-4A1F-97F4-FA6F559C2544}.Debug|Any CPU.ActiveCfg = Debug|Any CPU
		{36CB9B2E-68C2-4A1F-97F4-FA6F559C2544}.Debug|Any CPU.Build.0 = Debug|Any CPU
		{36CB9B2E-68C2-4A1F-97F4-FA6F559C2544}.Release|Any CPU.ActiveCfg = Release|Any CPU
		{36CB9B2E-68C2-4A1F-97F4-FA6F559C2544}.Release|Any CPU.Build.0 = Release|Any CPU
		{170EE6FC-5748-4BAB-B941-A52AA6B96AC0}.Debug|Any CPU.ActiveCfg = Debug|Any CPU
		{170EE6FC-5748-4BAB-B941-A52AA6B96AC0}.Debug|Any CPU.Build.0 = Debug|Any CPU
		{170EE6FC-5748-4BAB-B941-A52AA6B96AC0}.Release|Any CPU.ActiveCfg = Release|Any CPU
		{170EE6FC-5748-4BAB-B941-A52AA6B96AC0}.Release|Any CPU.Build.0 = Release|Any CPU
		{667F0432-B328-4729-83AC-F861486D226C}.Debug|Any CPU.ActiveCfg = Debug|Any CPU
		{667F0432-B328-4729-83AC-F861486D226C}.Debug|Any CPU.Build.0 = Debug|Any CPU
		{667F0432-B328-4729-83AC-F861486D226C}.Release|Any CPU.ActiveCfg = Release|Any CPU
		{667F0432-B328-4729-83AC-F861486D226C}.Release|Any CPU.Build.0 = Release|Any CPU
		{30FF2290-F4BE-40B0-AA92-41A43D52BC9E}.Debug|Any CPU.ActiveCfg = Debug|Any CPU
		{30FF2290-F4BE-40B0-AA92-41A43D52BC9E}.Debug|Any CPU.Build.0 = Debug|Any CPU
		{30FF2290-F4BE-40B0-AA92-41A43D52BC9E}.Release|Any CPU.ActiveCfg = Release|Any CPU
		{30FF2290-F4BE-40B0-AA92-41A43D52BC9E}.Release|Any CPU.Build.0 = Release|Any CPU
		{93EB7E45-4B15-4E0D-81B8-463E368CEF7A}.Debug|Any CPU.ActiveCfg = Debug|Any CPU
		{93EB7E45-4B15-4E0D-81B8-463E368CEF7A}.Debug|Any CPU.Build.0 = Debug|Any CPU
		{93EB7E45-4B15-4E0D-81B8-463E368CEF7A}.Release|Any CPU.ActiveCfg = Release|Any CPU
		{93EB7E45-4B15-4E0D-81B8-463E368CEF7A}.Release|Any CPU.Build.0 = Release|Any CPU
		{9290E1A4-D429-45DB-89F3-85C3A4F65D02}.Debug|Any CPU.ActiveCfg = Debug|Any CPU
		{9290E1A4-D429-45DB-89F3-85C3A4F65D02}.Debug|Any CPU.Build.0 = Debug|Any CPU
		{9290E1A4-D429-45DB-89F3-85C3A4F65D02}.Release|Any CPU.ActiveCfg = Release|Any CPU
		{9290E1A4-D429-45DB-89F3-85C3A4F65D02}.Release|Any CPU.Build.0 = Release|Any CPU
		{7F8FC672-5DEE-426C-BE84-78E193C8D1E3}.Debug|Any CPU.ActiveCfg = Debug|Any CPU
		{7F8FC672-5DEE-426C-BE84-78E193C8D1E3}.Debug|Any CPU.Build.0 = Debug|Any CPU
		{7F8FC672-5DEE-426C-BE84-78E193C8D1E3}.Release|Any CPU.ActiveCfg = Release|Any CPU
		{7F8FC672-5DEE-426C-BE84-78E193C8D1E3}.Release|Any CPU.Build.0 = Release|Any CPU
		{ACA1EF2F-4509-4CC5-AA33-0388D0FF3798}.Debug|Any CPU.ActiveCfg = Debug|Any CPU
		{ACA1EF2F-4509-4CC5-AA33-0388D0FF3798}.Debug|Any CPU.Build.0 = Debug|Any CPU
		{ACA1EF2F-4509-4CC5-AA33-0388D0FF3798}.Release|Any CPU.ActiveCfg = Release|Any CPU
		{ACA1EF2F-4509-4CC5-AA33-0388D0FF3798}.Release|Any CPU.Build.0 = Release|Any CPU
		{E233D2ED-2743-47F2-A06B-0752126879A8}.Debug|Any CPU.ActiveCfg = Debug|Any CPU
		{E233D2ED-2743-47F2-A06B-0752126879A8}.Debug|Any CPU.Build.0 = Debug|Any CPU
		{E233D2ED-2743-47F2-A06B-0752126879A8}.Release|Any CPU.ActiveCfg = Release|Any CPU
		{E233D2ED-2743-47F2-A06B-0752126879A8}.Release|Any CPU.Build.0 = Release|Any CPU
		{096F0F05-31D5-4813-B1DA-191D6910CF3F}.Debug|Any CPU.ActiveCfg = Debug|Any CPU
		{096F0F05-31D5-4813-B1DA-191D6910CF3F}.Debug|Any CPU.Build.0 = Debug|Any CPU
		{096F0F05-31D5-4813-B1DA-191D6910CF3F}.Release|Any CPU.ActiveCfg = Release|Any CPU
		{096F0F05-31D5-4813-B1DA-191D6910CF3F}.Release|Any CPU.Build.0 = Release|Any CPU
	EndGlobalSection
	GlobalSection(SolutionProperties) = preSolution
		HideSolutionNode = FALSE
	EndGlobalSection
	GlobalSection(NestedProjects) = preSolution
		{36CB9B2E-68C2-4A1F-97F4-FA6F559C2544} = {F2B77758-2A7B-4B98-B503-5D8CC72E76D9}
		{170EE6FC-5748-4BAB-B941-A52AA6B96AC0} = {47376CB1-7B43-4376-A6A6-2861C8EBC4EB}
		{667F0432-B328-4729-83AC-F861486D226C} = {F2B77758-2A7B-4B98-B503-5D8CC72E76D9}
		{30FF2290-F4BE-40B0-AA92-41A43D52BC9E} = {F2B77758-2A7B-4B98-B503-5D8CC72E76D9}
		{93EB7E45-4B15-4E0D-81B8-463E368CEF7A} = {F2B77758-2A7B-4B98-B503-5D8CC72E76D9}
		{9290E1A4-D429-45DB-89F3-85C3A4F65D02} = {E034F5D3-710D-49D3-B5F9-346E50FF90C4}
		{7F8FC672-5DEE-426C-BE84-78E193C8D1E3} = {F2B77758-2A7B-4B98-B503-5D8CC72E76D9}
		{ACA1EF2F-4509-4CC5-AA33-0388D0FF3798} = {F2B77758-2A7B-4B98-B503-5D8CC72E76D9}
		{E233D2ED-2743-47F2-A06B-0752126879A8} = {F2B77758-2A7B-4B98-B503-5D8CC72E76D9}
		{096F0F05-31D5-4813-B1DA-191D6910CF3F} = {F3464E32-7E80-4255-8F93-2DACF3A3A577}
	EndGlobalSection
	GlobalSection(ExtensibilityGlobals) = postSolution
		SolutionGuid = {A8362401-DEDA-4D5D-B319-B63DE3BFCC2C}
	EndGlobalSection
EndGlobal
